
Microsoft Visual Studio Solution File, Format Version 12.00
# Visual Studio Version 16
VisualStudioVersion = 16.0.30225.117
MinimumVisualStudioVersion = 10.0.40219.1
Project("{FAE04EC0-301F-11D3-BF4B-00C04F79EFBC}") = "IntegerToBinaryStack", "IntegerToBinaryStack\IntegerToBinaryStack.csproj", "{193EDCD4-C67D-4DBF-AD23-557D68382F01}"
EndProject
Global
	GlobalSection(SolutionConfigurationPlatforms) = preSolution
		Debug|Any CPU = Debug|Any CPU
		Release|Any CPU = Release|Any CPU
	EndGlobalSection
	GlobalSection(ProjectConfigurationPlatforms) = postSolution
		{193EDCD4-C67D-4DBF-AD23-557D68382F01}.Debug|Any CPU.ActiveCfg = Debug|Any CPU
		{193EDCD4-C67D-4DBF-AD23-557D68382F01}.Debug|Any CPU.Build.0 = Debug|Any CPU
		{193EDCD4-C67D-4DBF-AD23-557D68382F01}.Release|Any CPU.ActiveCfg = Release|Any CPU
		{193EDCD4-C67D-4DBF-AD23-557D68382F01}.Release|Any CPU.Build.0 = Release|Any CPU
	EndGlobalSection
	GlobalSection(SolutionProperties) = preSolution
		HideSolutionNode = FALSE
	EndGlobalSection
	GlobalSection(ExtensibilityGlobals) = postSolution
		SolutionGuid = {163A6178-1516-48D3-8A66-986A6CD25A82}
	EndGlobalSection
EndGlobal
